
Microsoft Visual Studio Solution File, Format Version 12.00
# Visual Studio Version 17
VisualStudioVersion = 17.2.32630.192
MinimumVisualStudioVersion = 10.0.40219.1
Project("{FAE04EC0-301F-11D3-BF4B-00C04F79EFBC}") = "AspNetCoreDemoApp", "AspNetCoreDemoApp.csproj", "{DE597F52-4706-49E1-AF60-74EFDE05F51B}"
EndProject
Global
	GlobalSection(SolutionConfigurationPlatforms) = preSolution
		Debug|Any CPU = Debug|Any CPU
		Release|Any CPU = Release|Any CPU
	EndGlobalSection
	GlobalSection(ProjectConfigurationPlatforms) = postSolution
		{DE597F52-4706-49E1-AF60-74EFDE05F51B}.Debug|Any CPU.ActiveCfg = Debug|Any CPU
		{DE597F52-4706-49E1-AF60-74EFDE05F51B}.Debug|Any CPU.Build.0 = Debug|Any CPU
		{DE597F52-4706-49E1-AF60-74EFDE05F51B}.Release|Any CPU.ActiveCfg = Release|Any CPU
		{DE597F52-4706-49E1-AF60-74EFDE05F51B}.Release|Any CPU.Build.0 = Release|Any CPU
	EndGlobalSection
	GlobalSection(SolutionProperties) = preSolution
		HideSolutionNode = FALSE
	EndGlobalSection
	GlobalSection(ExtensibilityGlobals) = postSolution
		SolutionGuid = {2F2AEEA3-CC62-447B-9F90-83B60A5713D6}
	EndGlobalSection
EndGlobal
